
Microsoft Visual Studio Solution File, Format Version 12.00
# Visual Studio 14
VisualStudioVersion = 14.0.25123.0
MinimumVisualStudioVersion = 10.0.40219.1
Project("{FAE04EC0-301F-11D3-BF4B-00C04F79EFBC}") = "UrlsAndRoutes", "UrlsAndRoutes\UrlsAndRoutes.csproj", "{758254E6-431D-4AA8-8405-9A2C6917420E}"
EndProject
Project("{FAE04EC0-301F-11D3-BF4B-00C04F79EFBC}") = "UrlsAndRoutes.Tests", "UrlsAndRoutes.Tests\UrlsAndRoutes.Tests.csproj", "{968FCB53-0088-42F7-BD18-3324D6B28E53}"
EndProject
Global
	GlobalSection(SolutionConfigurationPlatforms) = preSolution
		Debug|Any CPU = Debug|Any CPU
		Release|Any CPU = Release|Any CPU
	EndGlobalSection
	GlobalSection(ProjectConfigurationPlatforms) = postSolution
		{758254E6-431D-4AA8-8405-9A2C6917420E}.Debug|Any CPU.ActiveCfg = Debug|Any CPU
		{758254E6-431D-4AA8-8405-9A2C6917420E}.Debug|Any CPU.Build.0 = Debug|Any CPU
		{758254E6-431D-4AA8-8405-9A2C6917420E}.Release|Any CPU.ActiveCfg = Release|Any CPU
		{758254E6-431D-4AA8-8405-9A2C6917420E}.Release|Any CPU.Build.0 = Release|Any CPU
		{968FCB53-0088-42F7-BD18-3324D6B28E53}.Debug|Any CPU.ActiveCfg = Debug|Any CPU
		{968FCB53-0088-42F7-BD18-3324D6B28E53}.Debug|Any CPU.Build.0 = Debug|Any CPU
		{968FCB53-0088-42F7-BD18-3324D6B28E53}.Release|Any CPU.ActiveCfg = Release|Any CPU
		{968FCB53-0088-42F7-BD18-3324D6B28E53}.Release|Any CPU.Build.0 = Release|Any CPU
	EndGlobalSection
	GlobalSection(SolutionProperties) = preSolution
		HideSolutionNode = FALSE
	EndGlobalSection
EndGlobal
